<?xml version="1.0" encoding="UTF-8"?>
<Scheme
   version = "1.3">
   <BuildAction>
      <BuildActionEntries>
         <BuildActionEntry
            buildForRunning = "YES">
            <BuildableReference
               BuildableIdentifier = "primary"
               BlueprintIdentifier = "8274F89823E5B841002AED6A"
               BuildableName = "Design Patterns in Swift.app"
               BlueprintName = "Design Patterns in Swift"
               ReferencedContainer = "container:Design Patterns in Swift.xcodeproj">
            </BuildableReference>
         </BuildActionEntry>
      </BuildActionEntries>
   </BuildAction>
   <LaunchAction
      useCustomWorkingDirectory = "NO"
      buildConfiguration = "Debug"
      allowLocationSimulation = "YES">
      <BuildableProductRunnable>
         <BuildableReference
            BuildableIdentifier = "primary"
            BlueprintIdentifier = "8274F89823E5B841002AED6A"
            BuildableName = "Design Patterns in Swift.app"
            BlueprintName = "Design Patterns in Swift"
            ReferencedContainer = "container:Design Patterns in Swift.xcodeproj">
         </BuildableReference>
      </BuildableProductRunnable>
   </LaunchAction>
</Scheme>
